// !$*UTF8*$!
{
	archiveVersion = 1;
	classes = {
	};
	objectVersion = 56;
	objects = {

/* Begin PBXBuildFile section */
		27CC33BD29C40A7E007ED376 /* EnrouteApp.swift in Sources */ = {isa = PBXBuildFile; fileRef = 27CC33BC29C40A7E007ED376 /* EnrouteApp.swift */; };
		27CC33BF29C40A7E007ED376 /* ContentView.swift in Sources */ = {isa = PBXBuildFile; fileRef = 27CC33BE29C40A7E007ED376 /* ContentView.swift */; };
		27CC33C129C40A7F007ED376 /* Assets.xcassets in Resources */ = {isa = PBXBuildFile; fileRef = 27CC33C029C40A7F007ED376 /* Assets.xcassets */; };
		27CC33C429C40A7F007ED376 /* Preview Assets.xcassets in Resources */ = {isa = PBXBuildFile; fileRef = 27CC33C329C40A7F007ED376 /* Preview Assets.xcassets */; };
		27CC33C629C40A7F007ED376 /* Persistence.swift in Sources */ = {isa = PBXBuildFile; fileRef = 27CC33C529C40A7F007ED376 /* Persistence.swift */; };
		27CC33C929C40A7F007ED376 /* Enroute.xcdatamodeld in Sources */ = {isa = PBXBuildFile; fileRef = 27CC33C729C40A7F007ED376 /* Enroute.xcdatamodeld */; };
		27CC33D129C40D1F007ED376 /* FlightsEnrouteView.swift in Sources */ = {isa = PBXBuildFile; fileRef = 27CC33D029C40D1F007ED376 /* FlightsEnrouteView.swift */; };
		27CC33D529C41138007ED376 /* FlightAwareRequest.swift in Sources */ = {isa = PBXBuildFile; fileRef = 27CC33D429C41138007ED376 /* FlightAwareRequest.swift */; };
		27CC33D729C41512007ED376 /* FoundationExtensions.swift in Sources */ = {isa = PBXBuildFile; fileRef = 27CC33D629C41512007ED376 /* FoundationExtensions.swift */; };
		27CC33D929C41863007ED376 /* FlightSimulationData.swift in Sources */ = {isa = PBXBuildFile; fileRef = 27CC33D829C41863007ED376 /* FlightSimulationData.swift */; };
/* End PBXBuildFile section */

/* Begin PBXFileReference section */
		27CC33B929C40A7E007ED376 /* Enroute.app */ = {isa = PBXFileReference; explicitFileType = wrapper.application; includeInIndex = 0; path = Enroute.app; sourceTree = BUILT_PRODUCTS_DIR; };
		27CC33BC29C40A7E007ED376 /* EnrouteApp.swift */ = {isa = PBXFileReference; lastKnownFileType = sourcecode.swift; path = EnrouteApp.swift; sourceTree = "<group>"; };
		27CC33BE29C40A7E007ED376 /* ContentView.swift */ = {isa = PBXFileReference; lastKnownFileType = sourcecode.swift; path = ContentView.swift; sourceTree = "<group>"; };
		27CC33C029C40A7F007ED376 /* Assets.xcassets */ = {isa = PBXFileReference; lastKnownFileType = folder.assetcatalog; path = Assets.xcassets; sourceTree = "<group>"; };
		27CC33C329C40A7F007ED376 /* Preview Assets.xcassets */ = {isa = PBXFileReference; lastKnownFileType = folder.assetcatalog; path = "Preview Assets.xcassets"; sourceTree = "<group>"; };
		27CC33C529C40A7F007ED376 /* Persistence.swift */ = {isa = PBXFileReference; lastKnownFileType = sourcecode.swift; path = Persistence.swift; sourceTree = "<group>"; };
		27CC33C829C40A7F007ED376 /* Enroute.xcdatamodel */ = {isa = PBXFileReference; lastKnownFileType = wrapper.xcdatamodel; path = Enroute.xcdatamodel; sourceTree = "<group>"; };
		27CC33D029C40D1F007ED376 /* FlightsEnrouteView.swift */ = {isa = PBXFileReference; lastKnownFileType = sourcecode.swift; path = FlightsEnrouteView.swift; sourceTree = "<group>"; };
		27CC33D229C4109C007ED376 /* Info.plist */ = {isa = PBXFileReference; lastKnownFileType = text.plist; path = Info.plist; sourceTree = "<group>"; };
		27CC33D429C41138007ED376 /* FlightAwareRequest.swift */ = {isa = PBXFileReference; lastKnownFileType = sourcecode.swift; path = FlightAwareRequest.swift; sourceTree = "<group>"; };
		27CC33D629C41512007ED376 /* FoundationExtensions.swift */ = {isa = PBXFileReference; lastKnownFileType = sourcecode.swift; path = FoundationExtensions.swift; sourceTree = "<group>"; };
		27CC33D829C41863007ED376 /* FlightSimulationData.swift */ = {isa = PBXFileReference; lastKnownFileType = sourcecode.swift; path = FlightSimulationData.swift; sourceTree = "<group>"; };
/* End PBXFileReference section */

/* Begin PBXFrameworksBuildPhase section */
		27CC33B629C40A7E007ED376 /* Frameworks */ = {
			isa = PBXFrameworksBuildPhase;
			buildActionMask = 2147483647;
			files = (
			);
			runOnlyForDeploymentPostprocessing = 0;
		};
/* End PBXFrameworksBuildPhase section */

/* Begin PBXGroup section */
		27CC33B029C40A7E007ED376 = {
			isa = PBXGroup;
			children = (
				27CC33BB29C40A7E007ED376 /* Enroute */,
				27CC33BA29C40A7E007ED376 /* Products */,
			);
			sourceTree = "<group>";
		};
		27CC33BA29C40A7E007ED376 /* Products */ = {
			isa = PBXGroup;
			children = (
				27CC33B929C40A7E007ED376 /* Enroute.app */,
			);
			name = Products;
			sourceTree = "<group>";
		};
		27CC33BB29C40A7E007ED376 /* Enroute */ = {
			isa = PBXGroup;
			children = (
				27CC33D329C41116007ED376 /* FlightAware */,
				27CC33BC29C40A7E007ED376 /* EnrouteApp.swift */,
				27CC33D029C40D1F007ED376 /* FlightsEnrouteView.swift */,
				27CC33D629C41512007ED376 /* FoundationExtensions.swift */,
				27CC33CF29C40CFC007ED376 /* Supporting Files */,
			);
			path = Enroute;
			sourceTree = "<group>";
		};
		27CC33C229C40A7F007ED376 /* Preview Content */ = {
			isa = PBXGroup;
			children = (
				27CC33C329C40A7F007ED376 /* Preview Assets.xcassets */,
			);
			path = "Preview Content";
			sourceTree = "<group>";
		};
		27CC33CF29C40CFC007ED376 /* Supporting Files */ = {
			isa = PBXGroup;
			children = (
				27CC33D229C4109C007ED376 /* Info.plist */,
				27CC33C229C40A7F007ED376 /* Preview Content */,
				27CC33C529C40A7F007ED376 /* Persistence.swift */,
				27CC33C729C40A7F007ED376 /* Enroute.xcdatamodeld */,
				27CC33C029C40A7F007ED376 /* Assets.xcassets */,
				27CC33BE29C40A7E007ED376 /* ContentView.swift */,
			);
			name = "Supporting Files";
			sourceTree = "<group>";
		};
		27CC33D329C41116007ED376 /* FlightAware */ = {
			isa = PBXGroup;
			children = (
				27CC33D429C41138007ED376 /* FlightAwareRequest.swift */,
				27CC33D829C41863007ED376 /* FlightSimulationData.swift */,
			);
			name = FlightAware;
			sourceTree = "<group>";
		};
/* End PBXGroup section */

/* Begin PBXNativeTarget section */
		27CC33B829C40A7E007ED376 /* Enroute */ = {
			isa = PBXNativeTarget;
			buildConfigurationList = 27CC33CC29C40A7F007ED376 /* Build configuration list for PBXNativeTarget "Enroute" */;
			buildPhases = (
				27CC33B529C40A7E007ED376 /* Sources */,
				27CC33B629C40A7E007ED376 /* Frameworks */,
				27CC33B729C40A7E007ED376 /* Resources */,
			);
			buildRules = (
			);
			dependencies = (
			);
			name = Enroute;
			productName = Enroute;
			productReference = 27CC33B929C40A7E007ED376 /* Enroute.app */;
			productType = "com.apple.product-type.application";
		};
/* End PBXNativeTarget section */

/* Begin PBXProject section */
		27CC33B129C40A7E007ED376 /* Project object */ = {
			isa = PBXProject;
			attributes = {
				BuildIndependentTargetsInParallel = 1;
				LastSwiftUpdateCheck = 1420;
				LastUpgradeCheck = 1420;
				TargetAttributes = {
					27CC33B829C40A7E007ED376 = {
						CreatedOnToolsVersion = 14.2;
					};
				};
			};
			buildConfigurationList = 27CC33B429C40A7E007ED376 /* Build configuration list for PBXProject "Enroute" */;
			compatibilityVersion = "Xcode 14.0";
			developmentRegion = en;
			hasScannedForEncodings = 0;
			knownRegions = (
				en,
				Base,
			);
			mainGroup = 27CC33B029C40A7E007ED376;
			productRefGroup = 27CC33BA29C40A7E007ED376 /* Products */;
			projectDirPath = "";
			projectRoot = "";
			targets = (
				27CC33B829C40A7E007ED376 /* Enroute */,
			);
		};
/* End PBXProject section */

/* Begin PBXResourcesBuildPhase section */
		27CC33B729C40A7E007ED376 /* Resources */ = {
			isa = PBXResourcesBuildPhase;
			buildActionMask = 2147483647;
			files = (
				27CC33C429C40A7F007ED376 /* Preview Assets.xcassets in Resources */,
				27CC33C129C40A7F007ED376 /* Assets.xcassets in Resources */,
			);
			runOnlyForDeploymentPostprocessing = 0;
		};
/* End PBXResourcesBuildPhase section */

/* Begin PBXSourcesBuildPhase section */
		27CC33B529C40A7E007ED376 /* Sources */ = {
			isa = PBXSourcesBuildPhase;
			buildActionMask = 2147483647;
			files = (
				27CC33D729C41512007ED376 /* FoundationExtensions.swift in Sources */,
				27CC33C629C40A7F007ED376 /* Persistence.swift in Sources */,
				27CC33D929C41863007ED376 /* FlightSimulationData.swift in Sources */,
				27CC33BF29C40A7E007ED376 /* ContentView.swift in Sources */,
				27CC33C929C40A7F007ED376 /* Enroute.xcdatamodeld in Sources */,
				27CC33BD29C40A7E007ED376 /* EnrouteApp.swift in Sources */,
				27CC33D529C41138007ED376 /* FlightAwareRequest.swift in Sources */,
				27CC33D129C40D1F007ED376 /* FlightsEnrouteView.swift in Sources */,
			);
			runOnlyForDeploymentPostprocessing = 0;
		};
/* End PBXSourcesBuildPhase section */

/* Begin XCBuildConfiguration section */
		27CC33CA29C40A7F007ED376 /* Debug */ = {
			isa = XCBuildConfiguration;
			buildSettings = {
				ALWAYS_SEARCH_USER_PATHS = NO;
				CLANG_ANALYZER_NONNULL = YES;
				CLANG_ANALYZER_NUMBER_OBJECT_CONVERSION = YES_AGGRESSIVE;
				CLANG_CXX_LANGUAGE_STANDARD = "gnu++20";
				CLANG_ENABLE_MODULES = YES;
				CLANG_ENABLE_OBJC_ARC = YES;
				CLANG_ENABLE_OBJC_WEAK = YES;
				CLANG_WARN_BLOCK_CAPTURE_AUTORELEASING = YES;
				CLANG_WARN_BOOL_CONVERSION = YES;
				CLANG_WARN_COMMA = YES;
				CLANG_WARN_CONSTANT_CONVERSION = YES;
				CLANG_WARN_DEPRECATED_OBJC_IMPLEMENTATIONS = YES;
				CLANG_WARN_DIRECT_OBJC_ISA_USAGE = YES_ERROR;
				CLANG_WARN_DOCUMENTATION_COMMENTS = YES;
				CLANG_WARN_EMPTY_BODY = YES;
				CLANG_WARN_ENUM_CONVERSION = YES;
				CLANG_WARN_INFINITE_RECURSION = YES;
				CLANG_WARN_INT_CONVERSION = YES;
				CLANG_WARN_NON_LITERAL_NULL_CONVERSION = YES;
				CLANG_WARN_OBJC_IMPLICIT_RETAIN_SELF = YES;
				CLANG_WARN_OBJC_LITERAL_CONVERSION = YES;
				CLANG_WARN_OBJC_ROOT_CLASS = YES_ERROR;
				CLANG_WARN_QUOTED_INCLUDE_IN_FRAMEWORK_HEADER = YES;
				CLANG_WARN_RANGE_LOOP_ANALYSIS = YES;
				CLANG_WARN_STRICT_PROTOTYPES = YES;
				CLANG_WARN_SUSPICIOUS_MOVE = YES;
				CLANG_WARN_UNGUARDED_AVAILABILITY = YES_AGGRESSIVE;
				CLANG_WARN_UNREACHABLE_CODE = YES;
				CLANG_WARN__DUPLICATE_METHOD_MATCH = YES;
				COPY_PHASE_STRIP = NO;
				DEBUG_INFORMATION_FORMAT = dwarf;
				ENABLE_STRICT_OBJC_MSGSEND = YES;
				ENABLE_TESTABILITY = YES;
				GCC_C_LANGUAGE_STANDARD = gnu11;
				GCC_DYNAMIC_NO_PIC = NO;
				GCC_NO_COMMON_BLOCKS = YES;
				GCC_OPTIMIZATION_LEVEL = 0;
				GCC_PREPROCESSOR_DEFINITIONS = (
					"DEBUG=1",
					"$(inherited)",
				);
				GCC_WARN_64_TO_32_BIT_CONVERSION = YES;
				GCC_WARN_ABOUT_RETURN_TYPE = YES_ERROR;
				GCC_WARN_UNDECLARED_SELECTOR = YES;
				GCC_WARN_UNINITIALIZED_AUTOS = YES_AGGRESSIVE;
				GCC_WARN_UNUSED_FUNCTION = YES;
				GCC_WARN_UNUSED_VARIABLE = YES;
				IPHONEOS_DEPLOYMENT_TARGET = 16.2;
				MTL_ENABLE_DEBUG_INFO = INCLUDE_SOURCE;
				MTL_FAST_MATH = YES;
				ONLY_ACTIVE_ARCH = YES;
				SDKROOT = iphoneos;
				SWIFT_ACTIVE_COMPILATION_CONDITIONS = DEBUG;
				SWIFT_OPTIMIZATION_LEVEL = "-Onone";
			};
			name = Debug;
		};
		27CC33CB29C40A7F007ED376 /* Release */ = {
			isa = XCBuildConfiguration;
			buildSettings = {
				ALWAYS_SEARCH_USER_PATHS = NO;
				CLANG_ANALYZER_NONNULL = YES;
				CLANG_ANALYZER_NUMBER_OBJECT_CONVERSION = YES_AGGRESSIVE;
				CLANG_CXX_LANGUAGE_STANDARD = "gnu++20";
				CLANG_ENABLE_MODULES = YES;
				CLANG_ENABLE_OBJC_ARC = YES;
				CLANG_ENABLE_OBJC_WEAK = YES;
				CLANG_WARN_BLOCK_CAPTURE_AUTORELEASING = YES;
				CLANG_WARN_BOOL_CONVERSION = YES;
				CLANG_WARN_COMMA = YES;
				CLANG_WARN_CONSTANT_CONVERSION = YES;
				CLANG_WARN_DEPRECATED_OBJC_IMPLEMENTATIONS = YES;
				CLANG_WARN_DIRECT_OBJC_ISA_USAGE = YES_ERROR;
				CLANG_WARN_DOCUMENTATION_COMMENTS = YES;
				CLANG_WARN_EMPTY_BODY = YES;
				CLANG_WARN_ENUM_CONVERSION = YES;
				CLANG_WARN_INFINITE_RECURSION = YES;
				CLANG_WARN_INT_CONVERSION = YES;
				CLANG_WARN_NON_LITERAL_NULL_CONVERSION = YES;
				CLANG_WARN_OBJC_IMPLICIT_RETAIN_SELF = YES;
				CLANG_WARN_OBJC_LITERAL_CONVERSION = YES;
				CLANG_WARN_OBJC_ROOT_CLASS = YES_ERROR;
				CLANG_WARN_QUOTED_INCLUDE_IN_FRAMEWORK_HEADER = YES;
				CLANG_WARN_RANGE_LOOP_ANALYSIS = YES;
				CLANG_WARN_STRICT_PROTOTYPES = YES;
				CLANG_WARN_SUSPICIOUS_MOVE = YES;
				CLANG_WARN_UNGUARDED_AVAILABILITY = YES_AGGRESSIVE;
				CLANG_WARN_UNREACHABLE_CODE = YES;
				CLANG_WARN__DUPLICATE_METHOD_MATCH = YES;
				COPY_PHASE_STRIP = NO;
				DEBUG_INFORMATION_FORMAT = "dwarf-with-dsym";
				ENABLE_NS_ASSERTIONS = NO;
				ENABLE_STRICT_OBJC_MSGSEND = YES;
				GCC_C_LANGUAGE_STANDARD = gnu11;
				GCC_NO_COMMON_BLOCKS = YES;
				GCC_WARN_64_TO_32_BIT_CONVERSION = YES;
				GCC_WARN_ABOUT_RETURN_TYPE = YES_ERROR;
				GCC_WARN_UNDECLARED_SELECTOR = YES;
				GCC_WARN_UNINITIALIZED_AUTOS = YES_AGGRESSIVE;
				GCC_WARN_UNUSED_FUNCTION = YES;
				GCC_WARN_UNUSED_VARIABLE = YES;
				IPHONEOS_DEPLOYMENT_TARGET = 16.2;
				MTL_ENABLE_DEBUG_INFO = NO;
				MTL_FAST_MATH = YES;
				SDKROOT = iphoneos;
				SWIFT_COMPILATION_MODE = wholemodule;
				SWIFT_OPTIMIZATION_LEVEL = "-O";
				VALIDATE_PRODUCT = YES;
			};
			name = Release;
		};
		27CC33CD29C40A7F007ED376 /* Debug */ = {
			isa = XCBuildConfiguration;
			buildSettings = {
				ASSETCATALOG_COMPILER_APPICON_NAME = AppIcon;
				ASSETCATALOG_COMPILER_GLOBAL_ACCENT_COLOR_NAME = AccentColor;
				CODE_SIGN_STYLE = Automatic;
				CURRENT_PROJECT_VERSION = 1;
				DEVELOPMENT_ASSET_PATHS = "\"Enroute/Preview Content\"";
				DEVELOPMENT_TEAM = 723HTEFHBA;
				ENABLE_PREVIEWS = YES;
				GENERATE_INFOPLIST_FILE = YES;
				INFOPLIST_FILE = Enroute/Info.plist;
				INFOPLIST_KEY_UIApplicationSceneManifest_Generation = YES;
				INFOPLIST_KEY_UIApplicationSupportsIndirectInputEvents = YES;
				INFOPLIST_KEY_UILaunchScreen_Generation = YES;
				INFOPLIST_KEY_UISupportedInterfaceOrientations_iPad = "UIInterfaceOrientationPortrait UIInterfaceOrientationPortraitUpsideDown UIInterfaceOrientationLandscapeLeft UIInterfaceOrientationLandscapeRight";
				INFOPLIST_KEY_UISupportedInterfaceOrientations_iPhone = "UIInterfaceOrientationPortrait UIInterfaceOrientationLandscapeLeft UIInterfaceOrientationLandscapeRight";
				LD_RUNPATH_SEARCH_PATHS = (
					"$(inherited)",
					"@executable_path/Frameworks",
				);
				MARKETING_VERSION = 1.0;
				PRODUCT_BUNDLE_IDENTIFIER = ru.fibeapp.Enroute;
				PRODUCT_NAME = "$(TARGET_NAME)";
				SWIFT_EMIT_LOC_STRINGS = YES;
				SWIFT_VERSION = 5.0;
				TARGETED_DEVICE_FAMILY = "1,2";
			};
			name = Debug;
		};
		27CC33CE29C40A7F007ED376 /* Release */ = {
			isa = XCBuildConfiguration;
			buildSettings = {
				ASSETCATALOG_COMPILER_APPICON_NAME = AppIcon;
				ASSETCATALOG_COMPILER_GLOBAL_ACCENT_COLOR_NAME = AccentColor;
				CODE_SIGN_STYLE = Automatic;
				CURRENT_PROJECT_VERSION = 1;
				DEVELOPMENT_ASSET_PATHS = "\"Enroute/Preview Content\"";
				DEVELOPMENT_TEAM = 723HTEFHBA;
				ENABLE_PREVIEWS = YES;
				GENERATE_INFOPLIST_FILE = YES;
				INFOPLIST_FILE = Enroute/Info.plist;
				INFOPLIST_KEY_UIApplicationSceneManifest_Generation = YES;
				INFOPLIST_KEY_UIApplicationSupportsIndirectInputEvents = YES;
				INFOPLIST_KEY_UILaunchScreen_Generation = YES;
				INFOPLIST_KEY_UISupportedInterfaceOrientations_iPad = "UIInterfaceOrientationPortrait UIInterfaceOrientationPortraitUpsideDown UIInterfaceOrientationLandscapeLeft UIInterfaceOrientationLandscapeRight";
				INFOPLIST_KEY_UISupportedInterfaceOrientations_iPhone = "UIInterfaceOrientationPortrait UIInterfaceOrientationLandscapeLeft UIInterfaceOrientationLandscapeRight";
				LD_RUNPATH_SEARCH_PATHS = (
					"$(inherited)",
					"@executable_path/Frameworks",
				);
				MARKETING_VERSION = 1.0;
				PRODUCT_BUNDLE_IDENTIFIER = ru.fibeapp.Enroute;
				PRODUCT_NAME = "$(TARGET_NAME)";
				SWIFT_EMIT_LOC_STRINGS = YES;
				SWIFT_VERSION = 5.0;
				TARGETED_DEVICE_FAMILY = "1,2";
			};
			name = Release;
		};
/* End XCBuildConfiguration section */

/* Begin XCConfigurationList section */
		27CC33B429C40A7E007ED376 /* Build configuration list for PBXProject "Enroute" */ = {
			isa = XCConfigurationList;
			buildConfigurations = (
				27CC33CA29C40A7F007ED376 /* Debug */,
				27CC33CB29C40A7F007ED376 /* Release */,
			);
			defaultConfigurationIsVisible = 0;
			defaultConfigurationName = Release;
		};
		27CC33CC29C40A7F007ED376 /* Build configuration list for PBXNativeTarget "Enroute" */ = {
			isa = XCConfigurationList;
			buildConfigurations = (
				27CC33CD29C40A7F007ED376 /* Debug */,
				27CC33CE29C40A7F007ED376 /* Release */,
			);
			defaultConfigurationIsVisible = 0;
			defaultConfigurationName = Release;
		};
/* End XCConfigurationList section */

/* Begin XCVersionGroup section */
		27CC33C729C40A7F007ED376 /* Enroute.xcdatamodeld */ = {
			isa = XCVersionGroup;
			children = (
				27CC33C829C40A7F007ED376 /* Enroute.xcdatamodel */,
			);
			currentVersion = 27CC33C829C40A7F007ED376 /* Enroute.xcdatamodel */;
			path = Enroute.xcdatamodeld;
			sourceTree = "<group>";
			versionGroupType = wrapper.xcdatamodel;
		};
/* End XCVersionGroup section */
	};
	rootObject = 27CC33B129C40A7E007ED376 /* Project object */;
}
